{
  "originHash" : "a08e1251a56010658a3962ffbcb1126a55f752a0b4e5d7e80715c66c2cc87f2b",
  "pins" : [
    {
      "identity" : "canvas",
      "kind" : "remoteSourceControl",
      "location" : "https://github.com/jamesrochabrun/Canvas",
      "state" : {
        "revision" : "de5599af7cff5fc88b2e8cbfc7ff6f64029a57e5",
        "version" : "1.3.4"
      }
    },
    {
      "identity" : "sqlite.swift",
      "kind" : "remoteSourceControl",
      "location" : "https://github.com/stephencelis/SQLite.swift",
      "state" : {
        "revision" : "964c300fb0736699ce945c9edb56ecd62eba27a3",
        "version" : "0.16.0"
      }
    }
  ],
  "version" : 3
}
