{
  "originHash" : "a866268274f9a2ca715f61fa8787c037e9dd150afd9fc3646bc3918657456c8e",
  "pins" : [
    {
      "identity" : "canvas",
      "kind" : "remoteSourceControl",
      "location" : "https://github.com/jamesrochabrun/Canvas",
      "state" : {
        "revision" : "1ec719b8ad3f79cd4a9128c999f36d2790fe5d49",
        "version" : "1.3.0"
      }
    }
  ],
  "version" : 3
}
