{
  "originHash" : "4fce84565e6732ee53b61d82c5eab1dad817f3f5bad1f471dac24c7a9bf6d842",
  "pins" : [
    {
      "identity" : "canvas",
      "kind" : "remoteSourceControl",
      "location" : "https://github.com/jamesrochabrun/Canvas",
      "state" : {
        "revision" : "62c3cce56fedda4e75f2f5c4d07a165b6eaeba33"
      }
    }
  ],
  "version" : 3
}
