{
  "originHash" : "cc1d3877f3b127861640ef6940125f72678260723fd25ba080b0f9101e943f1e",
  "pins" : [
    {
      "identity" : "canvas",
      "kind" : "remoteSourceControl",
      "location" : "https://github.com/jamesrochabrun/Canvas",
      "state" : {
        "branch" : "agent/improve-tweaks-workflow",
        "revision" : "7eba250dd3c570a7cf6b7a402c69d415a6aece51"
      }
    }
  ],
  "version" : 3
}
