{
  "originHash" : "1b89a69fe71cc936a32dff4b2e63075ec5680f01a11b4e0b7ed6a1c11952c47e",
  "pins" : [
    {
      "identity" : "swift-argument-parser",
      "kind" : "remoteSourceControl",
      "location" : "https://github.com/apple/swift-argument-parser",
      "state" : {
        "revision" : "626b5b7b2f45e1b0b1c6f4a309296d1d21d7311b",
        "version" : "1.7.1"
      }
    },
    {
      "identity" : "swiftterm",
      "kind" : "remoteSourceControl",
      "location" : "https://github.com/migueldeicaza/SwiftTerm",
      "state" : {
        "revision" : "36642aa383e14834604bb5f2bafbbde47142bd0c",
        "version" : "1.11.0"
      }
    }
  ],
  "version" : 3
}
