{
  "originHash" : "c227c6c3da599e6cf55292eddd5202435245403fd0af70d9aa19c9c099fbbd24",
  "pins" : [
    {
      "identity" : "canvas",
      "kind" : "remoteSourceControl",
      "location" : "https://github.com/jamesrochabrun/Canvas",
      "state" : {
        "revision" : "1ec719b8ad3f79cd4a9128c999f36d2790fe5d49",
        "version" : "1.3.0"
      }
    }
  ],
  "version" : 3
}
