{
  "originHash" : "1844c624329c24ca1a1dafb6cf08f51a58eed56c3f455fc4b9e26f1c5fc97e7e",
  "pins" : [
    {
      "identity" : "canvas",
      "kind" : "remoteSourceControl",
      "location" : "https://github.com/jamesrochabrun/Canvas",
      "state" : {
        "revision" : "62c3cce56fedda4e75f2f5c4d07a165b6eaeba33"
      }
    }
  ],
  "version" : 3
}
