{
  "originHash" : "80b29fe7a56c95e95472b983c6196e46615640cfd811837c53c00e3126f60a6c",
  "pins" : [
    {
      "identity" : "canvas",
      "kind" : "remoteSourceControl",
      "location" : "https://github.com/jamesrochabrun/Canvas",
      "state" : {
        "revision" : "de5599af7cff5fc88b2e8cbfc7ff6f64029a57e5",
        "version" : "1.3.4"
      }
    }
  ],
  "version" : 3
}
